github.com/julienschmidt/httprouter v1.3.0 h1:U0609e9tgbseu3rBINet9P48AI/D3oJs4dN7jwJOQ1U=
github.com/julienschmidt/httprouter v1.3.0/go.mod h1:JR6WtHb+2LUe8TCKY3cZOxFyyO8IZAc4RVcycCCAKdM=
github.com/mitchellh/mapstructure v1.4.0 h1:7ks8ZkOP5/ujthUsT07rNv+nkLXCQWKNHuwzOAesEks=
github.com/mitchellh/mapstructure v1.4.0/go.mod h1:bFUtVrKA4DC2yAKiSyO/QUcy7e+RRV2QTWOzhPopBRo=
github.com/mls-361/application v0.0.0-20210104213928-2879b3af8d92 h1:xs0ZXcbrXuOaxxyoYioUJ2yL8RKAPn10nuJY3rF8B74=
github.com/mls-361/application v0.0.0-20210104213928-2879b3af8d92/go.mod h1:lNd2RcDVJUY96gxE/gq1G5VSho+u2MkPwPRK/Y14CRc=
github.com/mls-361/armen-sdk v0.0.0-20210121170511-6c1597fea9b8 h1:K7b3Z6IB8DlgnULfmMyzyuEenfQ1vhQY5JIukm9/djA=
github.com/mls-361/armen-sdk v0.0.0-20210121170511-6c1597fea9b8/go.mod h1:iM1VHviScf6MeSGittRAzeBk4X+1D/vQ5Qr5mc8jKGY=
github.com/mls-361/buffer v0.0.0-20210103213437-81ee3f6478c8 h1:SNPGm0iMWj0Mb26/TKSScvdE+w98++yMNe5LfzlQn8c=
github.com/mls-361/buffer v0.0.0-20210103213437-81ee3f6478c8/go.mod h1:skxL3BFTFnQe9Z8QD8DpEygWzVGTlcRPWc3tcQgRDRY=
github.com/mls-361/crypto v0.0.0-20210103214043-e8a0934ef17a h1:6Bon/E5awzrt+iIf5u3esSTwjPciArj1yuT2GQQX84Q=
github.com/mls-361/crypto v0.0.0-20210103214043-e8a0934ef17a/go.mod h1:RCO/X/YwRiMPViulDTMBKbPtbqyIzNBwGL8VtQcsWII=
github.com/mls-361/datamap v0.0.0-20210103214129-fd806a229ad0 h1:0jLE6m0Ye3Pd95yPXzROAfBK5AhvyfWZDjzl5CuOTHE=
github.com/mls-361/datamap v0.0.0-20210103214129-fd806a229ad0/go.mod h1:DDE2LWPf0L5TonMRZhzPx2YXJdBdSy2soBl4JjPnHoM=
github.com/mls-361/failure v0.0.0-20210103213724-67f4cd2e77b7 h1:l++wiAF9NpU/7+DScxxRVB4YLGtr6r1PpS95BhE4JxA=
github.com/mls-361/failure v0.0.0-20210103213724-67f4cd2e77b7/go.mod h1:tM7wbGoXpoDx7widuG+NJQ0WW4PUIr22xImtcBqUbys=
github.com/mls-361/fqdn v0.0.0-20210103213822-201c69e4c0f5 h1:LGrrEADOj3i2o2aW/XVDMaGkO9XP8rakOpZoFvcrEFo=
github.com/mls-361/fqdn v0.0.0-20210103213822-201c69e4c0f5/go.mod h1:zo5NpdkNz1iYJEMbe6Zfkx/LERK3CKZFo8V3wo1B/Bk=
github.com/mls-361/logfmt v0.0.0-20210103213624-dfce4a07a454 h1:jnBIBFsUZskioh57pVwEX9r++PvxqiFqY03UPfR4XyM=
github.com/mls-361/logfmt v0.0.0-20210103213624-dfce4a07a454/go.mod h1:qBYtM0w3GM8BleORllSY/szCdDY1Qst6f32oumitrQs=
github.com/mls-361/logger v0.0.0-20210103214222-796b123fd379 h1:fKMVsLJj+oJWxCncj3br/Ek/Tak1SAsO6hvm4ZDlHLU=
github.com/mls-361/logger v0.0.0-20210103214222-796b123fd379/go.mod h1:JGD8K3v0sSvCozN2Rqz7annI18+SQ41OH8IELUk6Tus=
github.com/mls-361/metrics v0.0.0-20210111181710-b7fea8fd978b h1:bVmWp0V1nMbYSbkSvhbemff7cgn8QzEt+UdZxayQYJY=
github.com/mls-361/metrics v0.0.0-20210111181710-b7fea8fd978b/go.mod h1:5Y4ckyelXDC6QO6ykJBaGUs32AA/WrYGcdDOJ9FtenQ=
github.com/mls-361/minikit v0.0.0-20210107180150-28817c294bb9 h1:0bOyMiWo3k/IBQmFXIAhpHpiMt11La58XCQorcaMgNo=
github.com/mls-361/minikit v0.0.0-20210107180150-28817c294bb9/go.mod h1:V+CaZ8dMQScqWIB0J/47IoQhtF5AFJ6MLFHERyQXRos=
github.com/mls-361/scheduler v0.0.0-20210120170741-3cca028ea6f2 h1:ASQPazOrUIZITgaFl00QTmKoJi6OFykwL8z+aoTgwmo=
github.com/mls-361/scheduler v0.0.0-20210120170741-3cca028ea6f2/go.mod h1:BqHhZ542wstDLN5AOqoDRc5EdAgVWXp0rfEFYlrglZM=
github.com/mls-361/uuid v0.0.0-20210103213509-f52b091b96f3 h1:AZahXz9O0+Wc0BlyZ3JUESgMNAs58RHBHzs2O2yb9No=
github.com/mls-361/uuid v0.0.0-20210103213509-f52b091b96f3/go.mod h1:rfCILTqOE/XTkQ8I/2IvePWDmueuVJAi8g+NejjDP2A=
github.com/robfig/cron/v3 v3.0.1 h1:WdRxkvbJztn8LMz/QEvLN5sBU+xKpSqwwUO1Pjr4qDs=
github.com/robfig/cron/v3 v3.0.1/go.mod h1:eQICP3HwyT7UooqI/z+Ov+PtYAWygg1TEWWzGIFLtro=
gopkg.in/check.v1 v0.0.0-20161208181325-20d25e280405/go.mod h1:Co6ibVJAznAaIkqp8huTwlJQCZ016jof/cbN4VW5Yz0=
gopkg.in/yaml.v3 v3.0.0-20200615113413-eeeca48fe776 h1:tQIYjPdBoyREyB9XMu+nnTclpTYkz2zFM+lzLJFO4gQ=
gopkg.in/yaml.v3 v3.0.0-20200615113413-eeeca48fe776/go.mod h1:K4uyk7z7BCEPqu6E+C64Yfv1cQ7kz7rIZviUmN+EgEM=
