github.com/julienschmidt/httprouter v1.3.0 h1:U0609e9tgbseu3rBINet9P48AI/D3oJs4dN7jwJOQ1U=
github.com/julienschmidt/httprouter v1.3.0/go.mod h1:JR6WtHb+2LUe8TCKY3cZOxFyyO8IZAc4RVcycCCAKdM=
github.com/mitchellh/mapstructure v1.4.0 h1:7ks8ZkOP5/ujthUsT07rNv+nkLXCQWKNHuwzOAesEks=
github.com/mitchellh/mapstructure v1.4.0/go.mod h1:bFUtVrKA4DC2yAKiSyO/QUcy7e+RRV2QTWOzhPopBRo=
github.com/mls-361/application v0.0.0-20201231105806-88050ad32576 h1:Ztuea+xC2y/2qwP2YBCCf89p6MuRSWdVSe2DECGw5es=
github.com/mls-361/application v0.0.0-20201231105806-88050ad32576/go.mod h1:dSu+VBp6VrZjzghJ4zQ5KC40lJuGlkHYrT1cMq4lOQc=
github.com/mls-361/armen-sdk v0.0.0-20210101232159-2ceee0a89e9a h1:W7VBSK73c7KoXUz/dAGCerUQJN2ABoXj7nFSybkH5VU=
github.com/mls-361/armen-sdk v0.0.0-20210101232159-2ceee0a89e9a/go.mod h1:qyP7Ci8LIGwDTNBJrfE7pErWQotlQPdZiJfhUJkAg6c=
github.com/mls-361/buffer v0.0.0-20201227143939-c64ae381f889 h1:fSUuC8iBO9B0foEMuh3DiisLUPpYmnkOnqZOeSfHtlI=
github.com/mls-361/buffer v0.0.0-20201227143939-c64ae381f889/go.mod h1:skxL3BFTFnQe9Z8QD8DpEygWzVGTlcRPWc3tcQgRDRY=
github.com/mls-361/crypto v0.0.0-20201227163331-98578e7e6b52 h1:mpMmUWjZeTaIEgSwoVtVrJoQF8afifs8pN+fXk1bEAY=
github.com/mls-361/crypto v0.0.0-20201227163331-98578e7e6b52/go.mod h1:0+R8fC/vf6JevghlgxWNWZcOdXlr/05sekdQOzffbHM=
github.com/mls-361/datamap v0.0.0-20201231104354-a9976b7134dc h1:yU0uF518QwXbPpmxdklN3glL53ijO+BsY5s/2w2FRUA=
github.com/mls-361/datamap v0.0.0-20201231104354-a9976b7134dc/go.mod h1:Xg1EqJ318O7Ycln7riMGfsBkvrIYs3+I6oDKCsHqYs0=
github.com/mls-361/failure v0.0.0-20201227154939-339a9d0e6076 h1:aGbGnkWSpG2fFiJRqYzihitDJcnV1GZ/LCVN5HUlFPw=
github.com/mls-361/failure v0.0.0-20201227154939-339a9d0e6076/go.mod h1:EkfY7viA9A7PIUwLfWKpAkZrNW7PNCbRe4OAu0tKY/4=
github.com/mls-361/fqdn v0.0.0-20201227155850-c41b764312fc h1:8TE98LWUVpAqW3MOQ7DxpOSQQKbTlIT9HMYQXibxKW4=
github.com/mls-361/fqdn v0.0.0-20201227155850-c41b764312fc/go.mod h1:z6HCeYFWqemTwuhmEFgD7yjP1a1vs/8ElgbGzH/bSlE=
github.com/mls-361/logfmt v0.0.0-20201227152049-109f0b8c6ea8 h1:8YS1mr0XNoI4qrbbIxb96V26sDRtzLzNytJ19CrFQDE=
github.com/mls-361/logfmt v0.0.0-20201227152049-109f0b8c6ea8/go.mod h1:eZFCuCrYbT2CH7QHrPpDYQdg8rtmdaSpwJoN9mWGNLQ=
github.com/mls-361/logger v0.0.0-20201231194053-9932ffa02c0c h1:iY6mhA3cyYQ3oOK3hgozF12pZfL2PrtU//MzsLVKqsQ=
github.com/mls-361/logger v0.0.0-20201231194053-9932ffa02c0c/go.mod h1:yuVL68Q9NVyHOEKC+z/wogq3ovhZU4Bl92pN4+JNSi4=
github.com/mls-361/minikit v0.0.0-20210101193108-4c202237199d h1:TkP5b3mE7l8FkPAjR8jbJG9OtJAWkAA+ANw5w7BMvw8=
github.com/mls-361/minikit v0.0.0-20210101193108-4c202237199d/go.mod h1:/lA15LjXot9ApHG1nMD9jjtGwYziqphculU6676yUAQ=
github.com/mls-361/util v0.0.0-20201231105418-58f776f5e44e h1:UNLWs7sGur7/zmYGFrKH7H/p1ZvxXErMAFud+tKfN4Q=
github.com/mls-361/util v0.0.0-20201231105418-58f776f5e44e/go.mod h1:3+DskC4gA22lOo2GEaXdf5QF9DD3uOM6Rn+tjLNmPWc=
github.com/mls-361/uuid v0.0.0-20201227141247-b31d88caee2c h1:T1aYcdAMfTaIb4t0qYHHPnIx86RP1ci+jC46ZjAktls=
github.com/mls-361/uuid v0.0.0-20201227141247-b31d88caee2c/go.mod h1:rfCILTqOE/XTkQ8I/2IvePWDmueuVJAi8g+NejjDP2A=
gopkg.in/check.v1 v0.0.0-20161208181325-20d25e280405/go.mod h1:Co6ibVJAznAaIkqp8huTwlJQCZ016jof/cbN4VW5Yz0=
gopkg.in/yaml.v3 v3.0.0-20200615113413-eeeca48fe776 h1:tQIYjPdBoyREyB9XMu+nnTclpTYkz2zFM+lzLJFO4gQ=
gopkg.in/yaml.v3 v3.0.0-20200615113413-eeeca48fe776/go.mod h1:K4uyk7z7BCEPqu6E+C64Yfv1cQ7kz7rIZviUmN+EgEM=
