github.com/mls-361/application v0.0.0-20201227165116-6b04370702e3 h1:wYYgDVrxBFsmu2I1whkVIOTBohKs2OFZMRdgslr+Dpo=
github.com/mls-361/application v0.0.0-20201227165116-6b04370702e3/go.mod h1:wwvnM8T7ExzBJ5ZeKz4qzGdyoF4rXlTBzu6whk3Mhag=
github.com/mls-361/buffer v0.0.0-20201227143939-c64ae381f889 h1:fSUuC8iBO9B0foEMuh3DiisLUPpYmnkOnqZOeSfHtlI=
github.com/mls-361/buffer v0.0.0-20201227143939-c64ae381f889/go.mod h1:skxL3BFTFnQe9Z8QD8DpEygWzVGTlcRPWc3tcQgRDRY=
github.com/mls-361/component v0.0.0-20201229133000-48bc4cf1994c h1:K3xUWocTWcSgDXqbafqpi2iDGHFk8ge10NFXblG3X90=
github.com/mls-361/component v0.0.0-20201229133000-48bc4cf1994c/go.mod h1:/Zkbgyqs/Edw11yl/UgFosP0Nr0rSgExmlbHWB+ean0=
github.com/mls-361/failure v0.0.0-20201227154939-339a9d0e6076 h1:aGbGnkWSpG2fFiJRqYzihitDJcnV1GZ/LCVN5HUlFPw=
github.com/mls-361/failure v0.0.0-20201227154939-339a9d0e6076/go.mod h1:EkfY7viA9A7PIUwLfWKpAkZrNW7PNCbRe4OAu0tKY/4=
github.com/mls-361/fqdn v0.0.0-20201227155850-c41b764312fc h1:8TE98LWUVpAqW3MOQ7DxpOSQQKbTlIT9HMYQXibxKW4=
github.com/mls-361/fqdn v0.0.0-20201227155850-c41b764312fc/go.mod h1:z6HCeYFWqemTwuhmEFgD7yjP1a1vs/8ElgbGzH/bSlE=
github.com/mls-361/logfmt v0.0.0-20201227152049-109f0b8c6ea8 h1:8YS1mr0XNoI4qrbbIxb96V26sDRtzLzNytJ19CrFQDE=
github.com/mls-361/logfmt v0.0.0-20201227152049-109f0b8c6ea8/go.mod h1:eZFCuCrYbT2CH7QHrPpDYQdg8rtmdaSpwJoN9mWGNLQ=
github.com/mls-361/util v0.0.0-20201227162418-87a64a61f1b6 h1:GLYRpLuLsn9APxyUiLiQzOQWyiAQe0sU3/zTosyL07s=
github.com/mls-361/util v0.0.0-20201227162418-87a64a61f1b6/go.mod h1:XkSrExtBybdBTuW2jGoxOLVMljRjmUQSBp/aolUu+eY=
github.com/mls-361/uuid v0.0.0-20201227141247-b31d88caee2c h1:T1aYcdAMfTaIb4t0qYHHPnIx86RP1ci+jC46ZjAktls=
github.com/mls-361/uuid v0.0.0-20201227141247-b31d88caee2c/go.mod h1:rfCILTqOE/XTkQ8I/2IvePWDmueuVJAi8g+NejjDP2A=
